lockfileVersion: '9.0'

settings:
  autoInstallPeers: true
  excludeLinksFromLockfile: false

importers:

  .:
    devDependencies:
      '@types/node':
        specifier: ^22.15.24
        version: 22.15.24
      husky:
        specifier: ^9.1.7
        version: 9.1.7

packages:

  '@types/node@22.15.24':
    resolution: {integrity: sha512-w9CZGm9RDjzTh/D+hFwlBJ3ziUaVw7oufKA3vOFSOZlzmW9AkZnfjPb+DLnrV6qtgL/LNmP0/2zBNCFHL3F0ng==}

  husky@9.1.7:
    resolution: {integrity: sha512-5gs5ytaNjBrh5Ow3zrvdUUY+0VxIuWVL4i9irt6friV+BqdCfmV11CQTWMiBYWHbXhco+J1kHfTOUkePhCDvMA==}
    engines: {node: '>=18'}
    hasBin: true

  undici-types@6.21.0:
    resolution: {integrity: sha512-iwDZqg0QAGrg9Rav5H4n0M64c3mkR59cJ6wQp+7C4nI0gsmExaedaYLNO44eT4AtBBwjbTiGPMlt2Md0T9H9JQ==}

snapshots:

  '@types/node@22.15.24':
    dependencies:
      undici-types: 6.21.0

  husky@9.1.7: {}

  undici-types@6.21.0: {}
